PODS:
  - Alamofire (4.0.1)
  - MBProgressHUD (1.0.0)
  - ObjectMapper (2.1.0)
  - RxCocoa (3.0.0-beta.2):
    - RxSwift (~> 3.0.0-beta.2)
  - RxDataSources (1.0.0-beta.3):
    - RxCocoa (~> 3.0.0-beta.2)
    - RxSwift (~> 3.0.0-beta.2)
  - RxSwift (3.0.0-beta.2)

DEPENDENCIES:
  - Alamofire (~> 4.0)
  - MBProgressHUD (~> 1.0.0)
  - ObjectMapper (~> 2.1)
  - RxCocoa
  - RxDataSources (~> 1.0.0-beta.3)
  - RxSwift

SPEC CHECKSUMS:
  Alamofire: 7682d43245de14874acd142ec137b144aa1dd335
  MBProgressHUD: 4890f671c94e8a0f3cf959aa731e9de2f036d71a
  ObjectMapper: e5e0f8aef8590fc2ddcde7f27eddb255863ee6e9
  RxCocoa: 1dd105d8a4e18034ccd7bd6d136445363ce67c8e
  RxDataSources: ddef3c5a718ab960e287aa331a9299b56b0c7ffe
  RxSwift: 0ea939d7d97cb70657190ffde8dc2a9b455778fc

PODFILE CHECKSUM: 9ffe0633a030ae455b1b70afa204b6976b06c898

COCOAPODS: 1.0.1
