// !$*UTF8*$!
{
	archiveVersion = 1;
	classes = {
	};
	objectVersion = 46;
	objects = {

/* Begin PBXBuildFile section */
		078946D31D2362DD8A780E89 /* Pods_WeatherAdventure.framework in Frameworks */ = {isa = PBXBuildFile; fileRef = B9AE6981318B198865F1F816 /* Pods_WeatherAdventure.framework */; };
		4F041EEC1D75C54B00D68274 /* SettingsTableViewController.swift in Sources */ = {isa = PBXBuildFile; fileRef = 4F041EEB1D75C54B00D68274 /* SettingsTableViewController.swift */; };
		4F0554821D6F38B2002BFA12 /* UINavigationBarExtension.swift in Sources */ = {isa = PBXBuildFile; fileRef = 4F0554811D6F38B2002BFA12 /* UINavigationBarExtension.swift */; };
		4F0554841D6F3F23002BFA12 /* ForecastViewController.swift in Sources */ = {isa = PBXBuildFile; fileRef = 4F0554831D6F3F23002BFA12 /* ForecastViewController.swift */; };
		4F0554861D6F3F51002BFA12 /* ForecastViewModel.swift in Sources */ = {isa = PBXBuildFile; fileRef = 4F0554851D6F3F51002BFA12 /* ForecastViewModel.swift */; };
		4F0554881D6F47E6002BFA12 /* ForecastTableViewCell.swift in Sources */ = {isa = PBXBuildFile; fileRef = 4F0554871D6F47E6002BFA12 /* ForecastTableViewCell.swift */; };
		4F2009E11D75CC98008969EB /* UserDefaultsManager.swift in Sources */ = {isa = PBXBuildFile; fileRef = 4F2009E01D75CC98008969EB /* UserDefaultsManager.swift */; };
		4F2009E31D75CFDA008969EB /* UnitsTableViewController.swift in Sources */ = {isa = PBXBuildFile; fileRef = 4F2009E21D75CFDA008969EB /* UnitsTableViewController.swift */; };
		4F63C83E1D5F2D4A0074CFA8 /* AppDelegate.swift in Sources */ = {isa = PBXBuildFile; fileRef = 4F63C83D1D5F2D4A0074CFA8 /* AppDelegate.swift */; };
		4F63C8401D5F2D4A0074CFA8 /* WeatherViewController.swift in Sources */ = {isa = PBXBuildFile; fileRef = 4F63C83F1D5F2D4A0074CFA8 /* WeatherViewController.swift */; };
		4F63C8431D5F2D4A0074CFA8 /* Main.storyboard in Resources */ = {isa = PBXBuildFile; fileRef = 4F63C8411D5F2D4A0074CFA8 /* Main.storyboard */; };
		4F63C8451D5F2D4A0074CFA8 /* Assets.xcassets in Resources */ = {isa = PBXBuildFile; fileRef = 4F63C8441D5F2D4A0074CFA8 /* Assets.xcassets */; };
		4F63C8481D5F2D4A0074CFA8 /* LaunchScreen.storyboard in Resources */ = {isa = PBXBuildFile; fileRef = 4F63C8461D5F2D4A0074CFA8 /* LaunchScreen.storyboard */; };
		4F63C8551D5F2F550074CFA8 /* Weather.swift in Sources */ = {isa = PBXBuildFile; fileRef = 4F63C8541D5F2F550074CFA8 /* Weather.swift */; };
		4F63C8581D5F324E0074CFA8 /* WeatherViewModel.swift in Sources */ = {isa = PBXBuildFile; fileRef = 4F63C8571D5F324E0074CFA8 /* WeatherViewModel.swift */; };
		4F63C85A1D5F37B70074CFA8 /* WeatherAPI.swift in Sources */ = {isa = PBXBuildFile; fileRef = 4F63C8591D5F37B70074CFA8 /* WeatherAPI.swift */; };
		4F7E4F2E1D5F59ED0098FEF5 /* APIConstants.swift in Sources */ = {isa = PBXBuildFile; fileRef = 4F7E4F2D1D5F59ED0098FEF5 /* APIConstants.swift */; };
		4F7E4F321D5F61D90098FEF5 /* API-SAMPLE.plist in Resources */ = {isa = PBXBuildFile; fileRef = 4F7E4F311D5F61D90098FEF5 /* API-SAMPLE.plist */; };
		4F7E4F341D5F62000098FEF5 /* API.plist in Resources */ = {isa = PBXBuildFile; fileRef = 4F7E4F331D5F62000098FEF5 /* API.plist */; };
		4FAE03681D66310F00B5C7D7 /* Forecast.swift in Sources */ = {isa = PBXBuildFile; fileRef = 4FAE03671D66310F00B5C7D7 /* Forecast.swift */; };
		4FC80C1C1D74BD1A00923330 /* DailyForecast.swift in Sources */ = {isa = PBXBuildFile; fileRef = 4FC80C1B1D74BD1A00923330 /* DailyForecast.swift */; };
/* End PBXBuildFile section */

/* Begin PBXFileReference section */
		12FFE3DE2C775775D9F9D6B2 /* Pods-WeatherAdventure.release.xcconfig */ = {isa = PBXFileReference; includeInIndex = 1; lastKnownFileType = text.xcconfig; name = "Pods-WeatherAdventure.release.xcconfig"; path = "Pods/Target Support Files/Pods-WeatherAdventure/Pods-WeatherAdventure.release.xcconfig"; sourceTree = "<group>"; };
		4F041EEB1D75C54B00D68274 /* SettingsTableViewController.swift */ = {isa = PBXFileReference; fileEncoding = 4; lastKnownFileType = sourcecode.swift; path = SettingsTableViewController.swift; sourceTree = "<group>"; };
		4F0554811D6F38B2002BFA12 /* UINavigationBarExtension.swift */ = {isa = PBXFileReference; fileEncoding = 4; lastKnownFileType = sourcecode.swift; path = UINavigationBarExtension.swift; sourceTree = "<group>"; };
		4F0554831D6F3F23002BFA12 /* ForecastViewController.swift */ = {isa = PBXFileReference; fileEncoding = 4; lastKnownFileType = sourcecode.swift; path = ForecastViewController.swift; sourceTree = "<group>"; };
		4F0554851D6F3F51002BFA12 /* ForecastViewModel.swift */ = {isa = PBXFileReference; fileEncoding = 4; lastKnownFileType = sourcecode.swift; path = ForecastViewModel.swift; sourceTree = "<group>"; };
		4F0554871D6F47E6002BFA12 /* ForecastTableViewCell.swift */ = {isa = PBXFileReference; fileEncoding = 4; lastKnownFileType = sourcecode.swift; path = ForecastTableViewCell.swift; sourceTree = "<group>"; };
		4F2009E01D75CC98008969EB /* UserDefaultsManager.swift */ = {isa = PBXFileReference; fileEncoding = 4; lastKnownFileType = sourcecode.swift; path = UserDefaultsManager.swift; sourceTree = "<group>"; };
		4F2009E21D75CFDA008969EB /* UnitsTableViewController.swift */ = {isa = PBXFileReference; fileEncoding = 4; lastKnownFileType = sourcecode.swift; path = UnitsTableViewController.swift; sourceTree = "<group>"; };
		4F63C83A1D5F2D4A0074CFA8 /* WeatherAdventure.app */ = {isa = PBXFileReference; explicitFileType = wrapper.application; includeInIndex = 0; path = WeatherAdventure.app; sourceTree = BUILT_PRODUCTS_DIR; };
		4F63C83D1D5F2D4A0074CFA8 /* AppDelegate.swift */ = {isa = PBXFileReference; lastKnownFileType = sourcecode.swift; path = AppDelegate.swift; sourceTree = "<group>"; };
		4F63C83F1D5F2D4A0074CFA8 /* WeatherViewController.swift */ = {isa = PBXFileReference; lastKnownFileType = sourcecode.swift; path = WeatherViewController.swift; sourceTree = "<group>"; };
		4F63C8421D5F2D4A0074CFA8 /* Base */ = {isa = PBXFileReference; lastKnownFileType = file.storyboard; name = Base; path = Base.lproj/Main.storyboard; sourceTree = "<group>"; };
		4F63C8441D5F2D4A0074CFA8 /* Assets.xcassets */ = {isa = PBXFileReference; lastKnownFileType = folder.assetcatalog; path = Assets.xcassets; sourceTree = "<group>"; };
		4F63C8471D5F2D4A0074CFA8 /* Base */ = {isa = PBXFileReference; lastKnownFileType = file.storyboard; name = Base; path = Base.lproj/LaunchScreen.storyboard; sourceTree = "<group>"; };
		4F63C8491D5F2D4A0074CFA8 /* Info.plist */ = {isa = PBXFileReference; lastKnownFileType = text.plist.xml; path = Info.plist; sourceTree = "<group>"; };
		4F63C8541D5F2F550074CFA8 /* Weather.swift */ = {isa = PBXFileReference; fileEncoding = 4; lastKnownFileType = sourcecode.swift; path = Weather.swift; sourceTree = "<group>"; };
		4F63C8571D5F324E0074CFA8 /* WeatherViewModel.swift */ = {isa = PBXFileReference; fileEncoding = 4; lastKnownFileType = sourcecode.swift; path = WeatherViewModel.swift; sourceTree = "<group>"; };
		4F63C8591D5F37B70074CFA8 /* WeatherAPI.swift */ = {isa = PBXFileReference; fileEncoding = 4; lastKnownFileType = sourcecode.swift; path = WeatherAPI.swift; sourceTree = "<group>"; };
		4F7E4F2D1D5F59ED0098FEF5 /* APIConstants.swift */ = {isa = PBXFileReference; fileEncoding = 4; lastKnownFileType = sourcecode.swift; path = APIConstants.swift; sourceTree = "<group>"; };
		4F7E4F311D5F61D90098FEF5 /* API-SAMPLE.plist */ = {isa = PBXFileReference; fileEncoding = 4; lastKnownFileType = text.plist.xml; path = "API-SAMPLE.plist"; sourceTree = "<group>"; };
		4F7E4F331D5F62000098FEF5 /* API.plist */ = {isa = PBXFileReference; fileEncoding = 4; lastKnownFileType = text.plist.xml; path = API.plist; sourceTree = "<group>"; };
		4FAE03671D66310F00B5C7D7 /* Forecast.swift */ = {isa = PBXFileReference; fileEncoding = 4; lastKnownFileType = sourcecode.swift; path = Forecast.swift; sourceTree = "<group>"; };
		4FC80C1B1D74BD1A00923330 /* DailyForecast.swift */ = {isa = PBXFileReference; fileEncoding = 4; lastKnownFileType = sourcecode.swift; path = DailyForecast.swift; sourceTree = "<group>"; };
		861A355F1FD99F454202688E /* Pods-WeatherAdventure.debug.xcconfig */ = {isa = PBXFileReference; includeInIndex = 1; lastKnownFileType = text.xcconfig; name = "Pods-WeatherAdventure.debug.xcconfig"; path = "Pods/Target Support Files/Pods-WeatherAdventure/Pods-WeatherAdventure.debug.xcconfig"; sourceTree = "<group>"; };
		B9AE6981318B198865F1F816 /* Pods_WeatherAdventure.framework */ = {isa = PBXFileReference; explicitFileType = wrapper.framework; includeInIndex = 0; path = Pods_WeatherAdventure.framework; sourceTree = BUILT_PRODUCTS_DIR; };
/* End PBXFileReference section */

/* Begin PBXFrameworksBuildPhase section */
		4F63C8371D5F2D4A0074CFA8 /* Frameworks */ = {
			isa = PBXFrameworksBuildPhase;
			buildActionMask = 2147483647;
			files = (
				078946D31D2362DD8A780E89 /* Pods_WeatherAdventure.framework in Frameworks */,
			);
			runOnlyForDeploymentPostprocessing = 0;
		};
/* End PBXFrameworksBuildPhase section */

/* Begin PBXGroup section */
		0DA318CDE3FEAEC71C7F2AB5 /* Pods */ = {
			isa = PBXGroup;
			children = (
				861A355F1FD99F454202688E /* Pods-WeatherAdventure.debug.xcconfig */,
				12FFE3DE2C775775D9F9D6B2 /* Pods-WeatherAdventure.release.xcconfig */,
			);
			name = Pods;
			sourceTree = "<group>";
		};
		1873391B4CAAA42B0CF1E0B7 /* Frameworks */ = {
			isa = PBXGroup;
			children = (
				B9AE6981318B198865F1F816 /* Pods_WeatherAdventure.framework */,
			);
			name = Frameworks;
			sourceTree = "<group>";
		};
		4F2009DF1D75CC62008969EB /* Managers */ = {
			isa = PBXGroup;
			children = (
				4F2009E01D75CC98008969EB /* UserDefaultsManager.swift */,
			);
			path = Managers;
			sourceTree = "<group>";
		};
		4F63C8311D5F2D4A0074CFA8 = {
			isa = PBXGroup;
			children = (
				4F63C83C1D5F2D4A0074CFA8 /* WeatherAdventure */,
				4F63C83B1D5F2D4A0074CFA8 /* Products */,
				0DA318CDE3FEAEC71C7F2AB5 /* Pods */,
				1873391B4CAAA42B0CF1E0B7 /* Frameworks */,
			);
			sourceTree = "<group>";
		};
		4F63C83B1D5F2D4A0074CFA8 /* Products */ = {
			isa = PBXGroup;
			children = (
				4F63C83A1D5F2D4A0074CFA8 /* WeatherAdventure.app */,
			);
			name = Products;
			sourceTree = "<group>";
		};
		4F63C83C1D5F2D4A0074CFA8 /* WeatherAdventure */ = {
			isa = PBXGroup;
			children = (
				4F63C8531D5F2F090074CFA8 /* Supporting Files */,
				4F63C8501D5F2EDE0074CFA8 /* Models */,
				4F2009DF1D75CC62008969EB /* Managers */,
				4F63C8561D5F2F5C0074CFA8 /* Stores */,
				4F63C8511D5F2EE20074CFA8 /* ViewModels */,
				4F63C8521D5F2EF50074CFA8 /* Views */,
				4F63C8441D5F2D4A0074CFA8 /* Assets.xcassets */,
				4F63C8411D5F2D4A0074CFA8 /* Main.storyboard */,
				4F63C8461D5F2D4A0074CFA8 /* LaunchScreen.storyboard */,
			);
			path = WeatherAdventure;
			sourceTree = "<group>";
		};
		4F63C8501D5F2EDE0074CFA8 /* Models */ = {
			isa = PBXGroup;
			children = (
				4FC80C1B1D74BD1A00923330 /* DailyForecast.swift */,
				4FAE03671D66310F00B5C7D7 /* Forecast.swift */,
				4F63C8541D5F2F550074CFA8 /* Weather.swift */,
			);
			path = Models;
			sourceTree = "<group>";
		};
		4F63C8511D5F2EE20074CFA8 /* ViewModels */ = {
			isa = PBXGroup;
			children = (
				4F0554851D6F3F51002BFA12 /* ForecastViewModel.swift */,
				4F63C8571D5F324E0074CFA8 /* WeatherViewModel.swift */,
			);
			path = ViewModels;
			sourceTree = "<group>";
		};
		4F63C8521D5F2EF50074CFA8 /* Views */ = {
			isa = PBXGroup;
			children = (
				4F0554831D6F3F23002BFA12 /* ForecastViewController.swift */,
				4F0554871D6F47E6002BFA12 /* ForecastTableViewCell.swift */,
				4F63C83F1D5F2D4A0074CFA8 /* WeatherViewController.swift */,
				4F041EEB1D75C54B00D68274 /* SettingsTableViewController.swift */,
				4F0554811D6F38B2002BFA12 /* UINavigationBarExtension.swift */,
				4F2009E21D75CFDA008969EB /* UnitsTableViewController.swift */,
			);
			path = Views;
			sourceTree = "<group>";
		};
		4F63C8531D5F2F090074CFA8 /* Supporting Files */ = {
			isa = PBXGroup;
			children = (
				4F7E4F331D5F62000098FEF5 /* API.plist */,
				4F7E4F311D5F61D90098FEF5 /* API-SAMPLE.plist */,
				4F63C8491D5F2D4A0074CFA8 /* Info.plist */,
				4F63C83D1D5F2D4A0074CFA8 /* AppDelegate.swift */,
			);
			path = "Supporting Files";
			sourceTree = "<group>";
		};
		4F63C8561D5F2F5C0074CFA8 /* Stores */ = {
			isa = PBXGroup;
			children = (
				4F7E4F2D1D5F59ED0098FEF5 /* APIConstants.swift */,
				4F63C8591D5F37B70074CFA8 /* WeatherAPI.swift */,
			);
			path = Stores;
			sourceTree = "<group>";
		};
/* End PBXGroup section */

/* Begin PBXNativeTarget section */
		4F63C8391D5F2D4A0074CFA8 /* WeatherAdventure */ = {
			isa = PBXNativeTarget;
			buildConfigurationList = 4F63C84C1D5F2D4A0074CFA8 /* Build configuration list for PBXNativeTarget "WeatherAdventure" */;
			buildPhases = (
				E731F26B395DF034BE868BC4 /* [CP] Check Pods Manifest.lock */,
				4F63C8361D5F2D4A0074CFA8 /* Sources */,
				4F63C8371D5F2D4A0074CFA8 /* Frameworks */,
				4F63C8381D5F2D4A0074CFA8 /* Resources */,
				32E144302E70EE90404ED11C /* [CP] Embed Pods Frameworks */,
				D5D27F34C46771288BED2B89 /* [CP] Copy Pods Resources */,
			);
			buildRules = (
			);
			dependencies = (
			);
			name = WeatherAdventure;
			productName = WeatherAdventure;
			productReference = 4F63C83A1D5F2D4A0074CFA8 /* WeatherAdventure.app */;
			productType = "com.apple.product-type.application";
		};
/* End PBXNativeTarget section */

/* Begin PBXProject section */
		4F63C8321D5F2D4A0074CFA8 /* Project object */ = {
			isa = PBXProject;
			attributes = {
				LastSwiftUpdateCheck = 0730;
				LastUpgradeCheck = 0730;
				ORGANIZATIONNAME = "Nikola Majcen";
				TargetAttributes = {
					4F63C8391D5F2D4A0074CFA8 = {
						CreatedOnToolsVersion = 7.3.1;
						DevelopmentTeam = UR88X5AHVX;
					};
				};
			};
			buildConfigurationList = 4F63C8351D5F2D4A0074CFA8 /* Build configuration list for PBXProject "WeatherAdventure" */;
			compatibilityVersion = "Xcode 3.2";
			developmentRegion = English;
			hasScannedForEncodings = 0;
			knownRegions = (
				en,
				Base,
			);
			mainGroup = 4F63C8311D5F2D4A0074CFA8;
			productRefGroup = 4F63C83B1D5F2D4A0074CFA8 /* Products */;
			projectDirPath = "";
			projectRoot = "";
			targets = (
				4F63C8391D5F2D4A0074CFA8 /* WeatherAdventure */,
			);
		};
/* End PBXProject section */

/* Begin PBXResourcesBuildPhase section */
		4F63C8381D5F2D4A0074CFA8 /* Resources */ = {
			isa = PBXResourcesBuildPhase;
			buildActionMask = 2147483647;
			files = (
				4F7E4F321D5F61D90098FEF5 /* API-SAMPLE.plist in Resources */,
				4F63C8481D5F2D4A0074CFA8 /* LaunchScreen.storyboard in Resources */,
				4F63C8451D5F2D4A0074CFA8 /* Assets.xcassets in Resources */,
				4F63C8431D5F2D4A0074CFA8 /* Main.storyboard in Resources */,
				4F7E4F341D5F62000098FEF5 /* API.plist in Resources */,
			);
			runOnlyForDeploymentPostprocessing = 0;
		};
/* End PBXResourcesBuildPhase section */

/* Begin PBXShellScriptBuildPhase section */
		32E144302E70EE90404ED11C /* [CP] Embed Pods Frameworks */ = {
			isa = PBXShellScriptBuildPhase;
			buildActionMask = 2147483647;
			files = (
			);
			inputPaths = (
			);
			name = "[CP] Embed Pods Frameworks";
			outputPaths = (
			);
			runOnlyForDeploymentPostprocessing = 0;
			shellPath = /bin/sh;
			shellScript = "\"${SRCROOT}/Pods/Target Support Files/Pods-WeatherAdventure/Pods-WeatherAdventure-frameworks.sh\"\n";
			showEnvVarsInLog = 0;
		};
		D5D27F34C46771288BED2B89 /* [CP] Copy Pods Resources */ = {
			isa = PBXShellScriptBuildPhase;
			buildActionMask = 2147483647;
			files = (
			);
			inputPaths = (
			);
			name = "[CP] Copy Pods Resources";
			outputPaths = (
			);
			runOnlyForDeploymentPostprocessing = 0;
			shellPath = /bin/sh;
			shellScript = "\"${SRCROOT}/Pods/Target Support Files/Pods-WeatherAdventure/Pods-WeatherAdventure-resources.sh\"\n";
			showEnvVarsInLog = 0;
		};
		E731F26B395DF034BE868BC4 /* [CP] Check Pods Manifest.lock */ = {
			isa = PBXShellScriptBuildPhase;
			buildActionMask = 2147483647;
			files = (
			);
			inputPaths = (
			);
			name = "[CP] Check Pods Manifest.lock";
			outputPaths = (
			);
			runOnlyForDeploymentPostprocessing = 0;
			shellPath = /bin/sh;
			shellScript = "diff \"${PODS_ROOT}/../Podfile.lock\" \"${PODS_ROOT}/Manifest.lock\" > /dev/null\nif [[ $? != 0 ]] ; then\n    cat << EOM\nerror: The sandbox is not in sync with the Podfile.lock. Run 'pod install' or update your CocoaPods installation.\nEOM\n    exit 1\nfi\n";
			showEnvVarsInLog = 0;
		};
/* End PBXShellScriptBuildPhase section */

/* Begin PBXSourcesBuildPhase section */
		4F63C8361D5F2D4A0074CFA8 /* Sources */ = {
			isa = PBXSourcesBuildPhase;
			buildActionMask = 2147483647;
			files = (
				4F0554881D6F47E6002BFA12 /* ForecastTableViewCell.swift in Sources */,
				4F041EEC1D75C54B00D68274 /* SettingsTableViewController.swift in Sources */,
				4FAE03681D66310F00B5C7D7 /* Forecast.swift in Sources */,
				4F63C85A1D5F37B70074CFA8 /* WeatherAPI.swift in Sources */,
				4F63C8401D5F2D4A0074CFA8 /* WeatherViewController.swift in Sources */,
				4F7E4F2E1D5F59ED0098FEF5 /* APIConstants.swift in Sources */,
				4F0554841D6F3F23002BFA12 /* ForecastViewController.swift in Sources */,
				4F63C8581D5F324E0074CFA8 /* WeatherViewModel.swift in Sources */,
				4F0554861D6F3F51002BFA12 /* ForecastViewModel.swift in Sources */,
				4FC80C1C1D74BD1A00923330 /* DailyForecast.swift in Sources */,
				4F2009E31D75CFDA008969EB /* UnitsTableViewController.swift in Sources */,
				4F2009E11D75CC98008969EB /* UserDefaultsManager.swift in Sources */,
				4F0554821D6F38B2002BFA12 /* UINavigationBarExtension.swift in Sources */,
				4F63C8551D5F2F550074CFA8 /* Weather.swift in Sources */,
				4F63C83E1D5F2D4A0074CFA8 /* AppDelegate.swift in Sources */,
			);
			runOnlyForDeploymentPostprocessing = 0;
		};
/* End PBXSourcesBuildPhase section */

/* Begin PBXVariantGroup section */
		4F63C8411D5F2D4A0074CFA8 /* Main.storyboard */ = {
			isa = PBXVariantGroup;
			children = (
				4F63C8421D5F2D4A0074CFA8 /* Base */,
			);
			name = Main.storyboard;
			sourceTree = "<group>";
		};
		4F63C8461D5F2D4A0074CFA8 /* LaunchScreen.storyboard */ = {
			isa = PBXVariantGroup;
			children = (
				4F63C8471D5F2D4A0074CFA8 /* Base */,
			);
			name = LaunchScreen.storyboard;
			sourceTree = "<group>";
		};
/* End PBXVariantGroup section */

/* Begin XCBuildConfiguration section */
		4F63C84A1D5F2D4A0074CFA8 /* Debug */ = {
			isa = XCBuildConfiguration;
			buildSettings = {
				ALWAYS_SEARCH_USER_PATHS = NO;
				CLANG_ANALYZER_NONNULL = YES;
				CLANG_CXX_LANGUAGE_STANDARD = "gnu++0x";
				CLANG_CXX_LIBRARY = "libc++";
				CLANG_ENABLE_MODULES = YES;
				CLANG_ENABLE_OBJC_ARC = YES;
				CLANG_WARN_BOOL_CONVERSION = YES;
				CLANG_WARN_CONSTANT_CONVERSION = YES;
				CLANG_WARN_DIRECT_OBJC_ISA_USAGE = YES_ERROR;
				CLANG_WARN_EMPTY_BODY = YES;
				CLANG_WARN_ENUM_CONVERSION = YES;
				CLANG_WARN_INT_CONVERSION = YES;
				CLANG_WARN_OBJC_ROOT_CLASS = YES_ERROR;
				CLANG_WARN_UNREACHABLE_CODE = YES;
				CLANG_WARN__DUPLICATE_METHOD_MATCH = YES;
				"CODE_SIGN_IDENTITY[sdk=iphoneos*]" = "iPhone Developer";
				COPY_PHASE_STRIP = NO;
				DEBUG_INFORMATION_FORMAT = dwarf;
				ENABLE_STRICT_OBJC_MSGSEND = YES;
				ENABLE_TESTABILITY = YES;
				GCC_C_LANGUAGE_STANDARD = gnu99;
				GCC_DYNAMIC_NO_PIC = NO;
				GCC_NO_COMMON_BLOCKS = YES;
				GCC_OPTIMIZATION_LEVEL = 0;
				GCC_PREPROCESSOR_DEFINITIONS = (
					"DEBUG=1",
					"$(inherited)",
				);
				GCC_WARN_64_TO_32_BIT_CONVERSION = YES;
				GCC_WARN_ABOUT_RETURN_TYPE = YES_ERROR;
				GCC_WARN_UNDECLARED_SELECTOR = YES;
				GCC_WARN_UNINITIALIZED_AUTOS = YES_AGGRESSIVE;
				GCC_WARN_UNUSED_FUNCTION = YES;
				GCC_WARN_UNUSED_VARIABLE = YES;
				IPHONEOS_DEPLOYMENT_TARGET = 9.3;
				MTL_ENABLE_DEBUG_INFO = YES;
				ONLY_ACTIVE_ARCH = YES;
				SDKROOT = iphoneos;
				SWIFT_OPTIMIZATION_LEVEL = "-Onone";
				TARGETED_DEVICE_FAMILY = "1,2";
			};
			name = Debug;
		};
		4F63C84B1D5F2D4A0074CFA8 /* Release */ = {
			isa = XCBuildConfiguration;
			buildSettings = {
				ALWAYS_SEARCH_USER_PATHS = NO;
				CLANG_ANALYZER_NONNULL = YES;
				CLANG_CXX_LANGUAGE_STANDARD = "gnu++0x";
				CLANG_CXX_LIBRARY = "libc++";
				CLANG_ENABLE_MODULES = YES;
				CLANG_ENABLE_OBJC_ARC = YES;
				CLANG_WARN_BOOL_CONVERSION = YES;
				CLANG_WARN_CONSTANT_CONVERSION = YES;
				CLANG_WARN_DIRECT_OBJC_ISA_USAGE = YES_ERROR;
				CLANG_WARN_EMPTY_BODY = YES;
				CLANG_WARN_ENUM_CONVERSION = YES;
				CLANG_WARN_INT_CONVERSION = YES;
				CLANG_WARN_OBJC_ROOT_CLASS = YES_ERROR;
				CLANG_WARN_UNREACHABLE_CODE = YES;
				CLANG_WARN__DUPLICATE_METHOD_MATCH = YES;
				"CODE_SIGN_IDENTITY[sdk=iphoneos*]" = "iPhone Developer";
				COPY_PHASE_STRIP = NO;
				DEBUG_INFORMATION_FORMAT = "dwarf-with-dsym";
				ENABLE_NS_ASSERTIONS = NO;
				ENABLE_STRICT_OBJC_MSGSEND = YES;
				GCC_C_LANGUAGE_STANDARD = gnu99;
				GCC_NO_COMMON_BLOCKS = YES;
				GCC_WARN_64_TO_32_BIT_CONVERSION = YES;
				GCC_WARN_ABOUT_RETURN_TYPE = YES_ERROR;
				GCC_WARN_UNDECLARED_SELECTOR = YES;
				GCC_WARN_UNINITIALIZED_AUTOS = YES_AGGRESSIVE;
				GCC_WARN_UNUSED_FUNCTION = YES;
				GCC_WARN_UNUSED_VARIABLE = YES;
				IPHONEOS_DEPLOYMENT_TARGET = 9.3;
				MTL_ENABLE_DEBUG_INFO = NO;
				SDKROOT = iphoneos;
				TARGETED_DEVICE_FAMILY = "1,2";
				VALIDATE_PRODUCT = YES;
			};
			name = Release;
		};
		4F63C84D1D5F2D4A0074CFA8 /* Debug */ = {
			isa = XCBuildConfiguration;
			baseConfigurationReference = 861A355F1FD99F454202688E /* Pods-WeatherAdventure.debug.xcconfig */;
			buildSettings = {
				ASSETCATALOG_COMPILER_APPICON_NAME = AppIcon;
				CODE_SIGN_IDENTITY = "iPhone Developer";
				"CODE_SIGN_IDENTITY[sdk=iphoneos*]" = "iPhone Developer";
				INFOPLIST_FILE = "$(SRCROOT)/WeatherAdventure/Supporting Files/Info.plist";
				LD_RUNPATH_SEARCH_PATHS = "$(inherited) @executable_path/Frameworks";
				PRODUCT_BUNDLE_IDENTIFIER = com.nikolamajcen.WeatherAdventure;
				PRODUCT_NAME = "$(TARGET_NAME)";
				PROVISIONING_PROFILE = "";
			};
			name = Debug;
		};
		4F63C84E1D5F2D4A0074CFA8 /* Release */ = {
			isa = XCBuildConfiguration;
			baseConfigurationReference = 12FFE3DE2C775775D9F9D6B2 /* Pods-WeatherAdventure.release.xcconfig */;
			buildSettings = {
				ASSETCATALOG_COMPILER_APPICON_NAME = AppIcon;
				CODE_SIGN_IDENTITY = "iPhone Developer";
				"CODE_SIGN_IDENTITY[sdk=iphoneos*]" = "iPhone Developer";
				INFOPLIST_FILE = "$(SRCROOT)/WeatherAdventure/Supporting Files/Info.plist";
				LD_RUNPATH_SEARCH_PATHS = "$(inherited) @executable_path/Frameworks";
				PRODUCT_BUNDLE_IDENTIFIER = com.nikolamajcen.WeatherAdventure;
				PRODUCT_NAME = "$(TARGET_NAME)";
				PROVISIONING_PROFILE = "";
			};
			name = Release;
		};
/* End XCBuildConfiguration section */

/* Begin XCConfigurationList section */
		4F63C8351D5F2D4A0074CFA8 /* Build configuration list for PBXProject "WeatherAdventure" */ = {
			isa = XCConfigurationList;
			buildConfigurations = (
				4F63C84A1D5F2D4A0074CFA8 /* Debug */,
				4F63C84B1D5F2D4A0074CFA8 /* Release */,
			);
			defaultConfigurationIsVisible = 0;
			defaultConfigurationName = Release;
		};
		4F63C84C1D5F2D4A0074CFA8 /* Build configuration list for PBXNativeTarget "WeatherAdventure" */ = {
			isa = XCConfigurationList;
			buildConfigurations = (
				4F63C84D1D5F2D4A0074CFA8 /* Debug */,
				4F63C84E1D5F2D4A0074CFA8 /* Release */,
			);
			defaultConfigurationIsVisible = 0;
			defaultConfigurationName = Release;
		};
/* End XCConfigurationList section */
	};
	rootObject = 4F63C8321D5F2D4A0074CFA8 /* Project object */;
}
